{
  "nodes": {
    "nixpkgs": {
      "locked": {
        "lastModified": 1651782565,
        "narHash": "sha256-bX4/3icBxou0vAMWK7cOdsyUj2lbaRFJCIJHHy8g8AA=",
        "owner": "NixOS",
        "repo": "nixpkgs",
        "rev": "6e28e9bdbda02088aafa127b195575e898242ea0",
        "type": "github"
      },
      "original": {
        "owner": "NixOS",
        "ref": "master",
        "repo": "nixpkgs",
        "type": "github"
      }
    },
    "nixpkgs_2": {
      "locked": {
        "lastModified": 1651369430,
        "narHash": "sha256-d86uUm0s11exU9zLo2K1AwtJQJDKubFpoF0Iw767uT4=",
        "owner": "NixOS",
        "repo": "nixpkgs",
        "rev": "b283b64580d1872333a99af2b4cef91bb84580cf",
        "type": "github"
      },
      "original": {
        "owner": "NixOS",
        "ref": "nixpkgs-unstable",
        "repo": "nixpkgs",
        "type": "github"
      }
    },
    "root": {
      "inputs": {
        "nixpkgs": "nixpkgs",
        "uptix": "uptix"
      }
    },
    "uptix": {
      "inputs": {
        "nixpkgs": "nixpkgs_2",
        "utils": "utils"
      },
      "locked": {
        "lastModified": 1651782022,
        "narHash": "sha256-Bq5YcsVLHvIwT4FG0fpR4YxWhgivpx0Waosp8bLAxjE=",
        "owner": "luizribeiro",
        "repo": "uptix",
        "rev": "1e6afb7926bd542eae227af93db4b23a538e1524",
        "type": "github"
      },
      "original": {
        "owner": "luizribeiro",
        "repo": "uptix",
        "type": "github"
      }
    },
    "utils": {
      "locked": {
        "lastModified": 1649676176,
        "narHash": "sha256-OWKJratjt2RW151VUlJPRALb7OU2S5s+f0vLj4o1bHM=",
        "owner": "numtide",
        "repo": "flake-utils",
        "rev": "a4b154ebbdc88c8498a5c7b01589addc9e9cb678",
        "type": "github"
      },
      "original": {
        "owner": "numtide",
        "repo": "flake-utils",
        "type": "github"
      }
    }
  },
  "root": "root",
  "version": 7
}
