{
  "nodes": {
    "nixpkgs": {
      "locked": {
        "lastModified": 1651786209,
        "narHash": "sha256-tDr5d3Ez6O2cqFvtnTJWHJ5uRWJYgBnLsC1J80VPhks=",
        "owner": "NixOS",
        "repo": "nixpkgs",
        "rev": "e237f3e459e5b2b180adff0f5b9d302e1edaf0c5",
        "type": "github"
      },
      "original": {
        "owner": "NixOS",
        "ref": "master",
        "repo": "nixpkgs",
        "type": "github"
      }
    },
    "root": {
      "inputs": {
        "nixpkgs": "nixpkgs",
        "uptix": "uptix"
      }
    },
    "uptix": {
      "inputs": {
        "nixpkgs": [
          "nixpkgs"
        ],
        "utils": "utils"
      },
      "locked": {
        "lastModified": 1651875444,
        "narHash": "sha256-cEyxxW1AFM1DFrmQCjkD+nEaEY5OmQunZaC7BHIrvO0=",
        "owner": "luizribeiro",
        "repo": "uptix",
        "rev": "d7c620b4cfd801795dc6cf980736c44430080b14",
        "type": "github"
      },
      "original": {
        "owner": "luizribeiro",
        "repo": "uptix",
        "type": "github"
      }
    },
    "utils": {
      "locked": {
        "lastModified": 1649676176,
        "narHash": "sha256-OWKJratjt2RW151VUlJPRALb7OU2S5s+f0vLj4o1bHM=",
        "owner": "numtide",
        "repo": "flake-utils",
        "rev": "a4b154ebbdc88c8498a5c7b01589addc9e9cb678",
        "type": "github"
      },
      "original": {
        "owner": "numtide",
        "repo": "flake-utils",
        "type": "github"
      }
    }
  },
  "root": "root",
  "version": 7
}
