{
  "nodes": {
    "nixpkgs": {
      "locked": {
        "lastModified": 1651636606,
        "narHash": "sha256-fr3oyaV4rFu6Jp6RrDmA2lYMD/iUfxfReuGdrayZOAw=",
        "owner": "NixOS",
        "repo": "nixpkgs",
        "rev": "0b9843c3bcca2ac748db8b52659e6cad5c0fd794",
        "type": "github"
      },
      "original": {
        "owner": "NixOS",
        "ref": "master",
        "repo": "nixpkgs",
        "type": "github"
      }
    },
    "nixpkgs_2": {
      "locked": {
        "lastModified": 1651369430,
        "narHash": "sha256-d86uUm0s11exU9zLo2K1AwtJQJDKubFpoF0Iw767uT4=",
        "owner": "NixOS",
        "repo": "nixpkgs",
        "rev": "b283b64580d1872333a99af2b4cef91bb84580cf",
        "type": "github"
      },
      "original": {
        "owner": "NixOS",
        "ref": "nixpkgs-unstable",
        "repo": "nixpkgs",
        "type": "github"
      }
    },
    "root": {
      "inputs": {
        "nixpkgs": "nixpkgs",
        "uptix": "uptix"
      }
    },
    "uptix": {
      "inputs": {
        "nixpkgs": "nixpkgs_2",
        "utils": "utils"
      },
      "locked": {
        "lastModified": 1651715608,
        "narHash": "sha256-Fyvu3dRNJ4U0HV/K97LYv4YSpIknW5rfjp2gEw/VnNU=",
        "owner": "luizribeiro",
        "repo": "uptix",
        "rev": "b119650e19c34698d251b54f929b794c288eb720",
        "type": "github"
      },
      "original": {
        "owner": "luizribeiro",
        "repo": "uptix",
        "type": "github"
      }
    },
    "utils": {
      "locked": {
        "lastModified": 1649676176,
        "narHash": "sha256-OWKJratjt2RW151VUlJPRALb7OU2S5s+f0vLj4o1bHM=",
        "owner": "numtide",
        "repo": "flake-utils",
        "rev": "a4b154ebbdc88c8498a5c7b01589addc9e9cb678",
        "type": "github"
      },
      "original": {
        "owner": "numtide",
        "repo": "flake-utils",
        "type": "github"
      }
    }
  },
  "root": "root",
  "version": 7
}
