{
  "$GITHUB_BRANCH$:luizribeiro/hello-world-rs:main$": {
    "owner": "luizribeiro",
    "repo": "hello-world-rs",
    "rev": "69a9b5193833ea3c1efc390b1bba04a7e1862e78",
    "sha256": "0fqn3c0zpg5qnswxng18px3h5afhrh7jwr61vyzpgj3ap4knbb4v",
    "fetchSubmodules": false,
    "deepClone": false,
    "leaveDotGit": false
  },
  "$GITHUB_RELEASE$:luizribeiro/hello-world-rs$": {
    "owner": "luizribeiro",
    "repo": "hello-world-rs",
    "rev": "v0.1.0",
    "sha256": "0fqn3c0zpg5qnswxng18px3h5afhrh7jwr61vyzpgj3ap4knbb4v",
    "fetchSubmodules": false,
    "deepClone": false,
    "leaveDotGit": false
  },
  "homeassistant/home-assistant:stable": "sha256:eecdfc57236ac9cfd9f296b61ae0c8ff65b8e483346e0f15ee14a75a3aa81efa",
  "koenkk/zigbee2mqtt:latest": "sha256:5c1f0ca9669292b1bdabc7b6d9927642049bc2c1ee53f42b7299181e93dd7d8f",
  "postgres:15": "sha256:fe45ed1a824b81c0c9c605890963b67501758ca8c946db89089c85ce0f88e974"
}