{"appdaemon":"acockburn/appdaemon:4.2.1@sha256:aea763d380a6f80e7c2c6e95637a58289f513aad1ed00a9dbea14b2de24d10c5","zwavejs2mqtt":"zwavejs/zwavejs2mqtt:6.7.3@sha256:01d6927473b402840379751920a9b756e0ebb910ff679ced155dade03cafb8fa","shlinkWebClient":"shlinkio/shlink-web-client:3.6.0@sha256:3fab699e78c21ab276b90c363d444c41bceb6182231c4f48cef551e6ef0c9e68","ipv6nat":"robbertkl/ipv6nat:0.4.4@sha256:39ff3fd00b93923a9185672a980e1b39888e17474d8254bec162db28a3c8d81b","githubRunner":"myoung34/github-runner:2.290.1@sha256:c0f28374b4d1608818c89d85ec69428f7eeaafdac6380413107083ba122f48ad","dockerOSX":"sickcodes/docker-osx:auto@sha256:eec23655f0e4200b022fdd7200c951b963abb198c39fbada58c83e710f389298","homeAssistant":"ghcr.io/home-assistant/home-assistant:2022.4.7@sha256:72e1c45e367cd83845f2a3e29f42a3ab158765ee3f48d9f9b4b8dbd5b71009bd","prowlarr":"linuxserver/prowlarr:amd64-develop-version-0.2.0.1448@sha256:49256e99bf2198e98209f5f2f76c85795d22c3a63cdcc139ad9a967956c2a7ee","shlink":"shlinkio/shlink:3.0.3@sha256:3bfd4091db2112190af4babdb4f727be3343e1dfa68d0923ed8d08646360c870","minecraftBedrockServer":"itzg/minecraft-bedrock-server:latest@sha256:41855f7d8daa3cf717610fb2618aaebb323f3432b846e12f71ce596a1c15f4a9","dokku":"dokku/dokku:0.27.1@sha256:da1fcee86712e7e1ff859f3379479fd4eacb90ccd8deb48969bc7ec1897e54fa"}
